
Microsoft Visual Studio Solution File, Format Version 12.00
# Visual Studio Version 16
VisualStudioVersion = 16.0.31025.194
MinimumVisualStudioVersion = 10.0.40219.1
Project("{FAE04EC0-301F-11D3-BF4B-00C04F79EFBC}") = "01. Scheduling", "01. Scheduling\01. Scheduling.csproj", "{A7BEF1E0-A55F-479C-851F-6F87F9378111}"
EndProject
Project("{FAE04EC0-301F-11D3-BF4B-00C04F79EFBC}") = "02. Garden", "02. Garden\02. Garden.csproj", "{199AE1B0-F7F5-47C9-ACEF-86A7F7E8104F}"
EndProject
Project("{FAE04EC0-301F-11D3-BF4B-00C04F79EFBC}") = "ClassroomProject", "ClassroomProject\ClassroomProject.csproj", "{BC047EFE-C9D3-494C-975E-28935B329087}"
EndProject
Global
	GlobalSection(SolutionConfigurationPlatforms) = preSolution
		Debug|Any CPU = Debug|Any CPU
		Release|Any CPU = Release|Any CPU
	EndGlobalSection
	GlobalSection(ProjectConfigurationPlatforms) = postSolution
		{A7BEF1E0-A55F-479C-851F-6F87F9378111}.Debug|Any CPU.ActiveCfg = Debug|Any CPU
		{A7BEF1E0-A55F-479C-851F-6F87F9378111}.Debug|Any CPU.Build.0 = Debug|Any CPU
		{A7BEF1E0-A55F-479C-851F-6F87F9378111}.Release|Any CPU.ActiveCfg = Release|Any CPU
		{A7BEF1E0-A55F-479C-851F-6F87F9378111}.Release|Any CPU.Build.0 = Release|Any CPU
		{199AE1B0-F7F5-47C9-ACEF-86A7F7E8104F}.Debug|Any CPU.ActiveCfg = Debug|Any CPU
		{199AE1B0-F7F5-47C9-ACEF-86A7F7E8104F}.Debug|Any CPU.Build.0 = Debug|Any CPU
		{199AE1B0-F7F5-47C9-ACEF-86A7F7E8104F}.Release|Any CPU.ActiveCfg = Release|Any CPU
		{199AE1B0-F7F5-47C9-ACEF-86A7F7E8104F}.Release|Any CPU.Build.0 = Release|Any CPU
		{BC047EFE-C9D3-494C-975E-28935B329087}.Debug|Any CPU.ActiveCfg = Debug|Any CPU
		{BC047EFE-C9D3-494C-975E-28935B329087}.Debug|Any CPU.Build.0 = Debug|Any CPU
		{BC047EFE-C9D3-494C-975E-28935B329087}.Release|Any CPU.ActiveCfg = Release|Any CPU
		{BC047EFE-C9D3-494C-975E-28935B329087}.Release|Any CPU.Build.0 = Release|Any CPU
	EndGlobalSection
	GlobalSection(SolutionProperties) = preSolution
		HideSolutionNode = FALSE
	EndGlobalSection
	GlobalSection(ExtensibilityGlobals) = postSolution
		SolutionGuid = {98928848-0C47-4261-AD9F-B506B303796F}
	EndGlobalSection
EndGlobal
