
Microsoft Visual Studio Solution File, Format Version 12.00
# Visual Studio Version 16
VisualStudioVersion = 16.0.31025.194
MinimumVisualStudioVersion = 10.0.40219.1
Project("{FAE04EC0-301F-11D3-BF4B-00C04F79EFBC}") = "01. SortEvenNumbers", "01. SortEvenNumbers\01. SortEvenNumbers.csproj", "{56B3C747-297D-482B-93FE-24908F3AB86C}"
EndProject
Project("{FAE04EC0-301F-11D3-BF4B-00C04F79EFBC}") = "02. SumNumbers", "02. SumNumbers\02. SumNumbers.csproj", "{98EF8FD3-D6DA-413D-B6B6-AC705A69B987}"
EndProject
Project("{FAE04EC0-301F-11D3-BF4B-00C04F79EFBC}") = "03. CountUpperCaseWords", "03. CountUpperCaseWords\03. CountUpperCaseWords.csproj", "{E071DBD2-CB6B-4377-B1BD-375D75AF4192}"
EndProject
Project("{FAE04EC0-301F-11D3-BF4B-00C04F79EFBC}") = "04. AddVAT", "04. AddVAT\04. AddVAT.csproj", "{355E8662-AD32-4A8B-A20C-B9751159FA99}"
EndProject
Project("{FAE04EC0-301F-11D3-BF4B-00C04F79EFBC}") = "05. FilterByAge", "05. FilterByAge\05. FilterByAge.csproj", "{88CDB3CB-ED27-47FE-9639-675559964CCE}"
EndProject
Global
	GlobalSection(SolutionConfigurationPlatforms) = preSolution
		Debug|Any CPU = Debug|Any CPU
		Release|Any CPU = Release|Any CPU
	EndGlobalSection
	GlobalSection(ProjectConfigurationPlatforms) = postSolution
		{56B3C747-297D-482B-93FE-24908F3AB86C}.Debug|Any CPU.ActiveCfg = Debug|Any CPU
		{56B3C747-297D-482B-93FE-24908F3AB86C}.Debug|Any CPU.Build.0 = Debug|Any CPU
		{56B3C747-297D-482B-93FE-24908F3AB86C}.Release|Any CPU.ActiveCfg = Release|Any CPU
		{56B3C747-297D-482B-93FE-24908F3AB86C}.Release|Any CPU.Build.0 = Release|Any CPU
		{98EF8FD3-D6DA-413D-B6B6-AC705A69B987}.Debug|Any CPU.ActiveCfg = Debug|Any CPU
		{98EF8FD3-D6DA-413D-B6B6-AC705A69B987}.Debug|Any CPU.Build.0 = Debug|Any CPU
		{98EF8FD3-D6DA-413D-B6B6-AC705A69B987}.Release|Any CPU.ActiveCfg = Release|Any CPU
		{98EF8FD3-D6DA-413D-B6B6-AC705A69B987}.Release|Any CPU.Build.0 = Release|Any CPU
		{E071DBD2-CB6B-4377-B1BD-375D75AF4192}.Debug|Any CPU.ActiveCfg = Debug|Any CPU
		{E071DBD2-CB6B-4377-B1BD-375D75AF4192}.Debug|Any CPU.Build.0 = Debug|Any CPU
		{E071DBD2-CB6B-4377-B1BD-375D75AF4192}.Release|Any CPU.ActiveCfg = Release|Any CPU
		{E071DBD2-CB6B-4377-B1BD-375D75AF4192}.Release|Any CPU.Build.0 = Release|Any CPU
		{355E8662-AD32-4A8B-A20C-B9751159FA99}.Debug|Any CPU.ActiveCfg = Debug|Any CPU
		{355E8662-AD32-4A8B-A20C-B9751159FA99}.Debug|Any CPU.Build.0 = Debug|Any CPU
		{355E8662-AD32-4A8B-A20C-B9751159FA99}.Release|Any CPU.ActiveCfg = Release|Any CPU
		{355E8662-AD32-4A8B-A20C-B9751159FA99}.Release|Any CPU.Build.0 = Release|Any CPU
		{88CDB3CB-ED27-47FE-9639-675559964CCE}.Debug|Any CPU.ActiveCfg = Debug|Any CPU
		{88CDB3CB-ED27-47FE-9639-675559964CCE}.Debug|Any CPU.Build.0 = Debug|Any CPU
		{88CDB3CB-ED27-47FE-9639-675559964CCE}.Release|Any CPU.ActiveCfg = Release|Any CPU
		{88CDB3CB-ED27-47FE-9639-675559964CCE}.Release|Any CPU.Build.0 = Release|Any CPU
	EndGlobalSection
	GlobalSection(SolutionProperties) = preSolution
		HideSolutionNode = FALSE
	EndGlobalSection
	GlobalSection(ExtensibilityGlobals) = postSolution
		SolutionGuid = {E82D9EF1-836D-4F58-B19E-7F03CD825912}
	EndGlobalSection
EndGlobal
