
Microsoft Visual Studio Solution File, Format Version 12.00
# Visual Studio Version 16
VisualStudioVersion = 16.0.31025.194
MinimumVisualStudioVersion = 10.0.40219.1
Project("{9A19103F-16F7-4668-BE54-9A1E7A4F7556}") = "01. DangerousFloor", "01. DangerousFloor\01. DangerousFloor.csproj", "{8B4E578E-F370-42B4-826E-F6A93DE825FA}"
EndProject
Project("{9A19103F-16F7-4668-BE54-9A1E7A4F7556}") = "02. CryptoMaster", "02. CryptoMaster\02. CryptoMaster.csproj", "{3FA77F53-2948-4FC8-A449-EC7FF62A46A8}"
EndProject
Project("{9A19103F-16F7-4668-BE54-9A1E7A4F7556}") = "03. GreedyTimes", "03. GreedyTimes\03. GreedyTimes.csproj", "{81B7CE4E-B68F-48A3-B078-81226724D4E8}"
EndProject
Project("{FAE04EC0-301F-11D3-BF4B-00C04F79EFBC}") = "04. TreasureMap", "04. TreasureMap\04. TreasureMap.csproj", "{620CB30A-E39F-48D5-A7BE-693E5CB6B4DD}"
EndProject
Global
	GlobalSection(SolutionConfigurationPlatforms) = preSolution
		Debug|Any CPU = Debug|Any CPU
		Release|Any CPU = Release|Any CPU
	EndGlobalSection
	GlobalSection(ProjectConfigurationPlatforms) = postSolution
		{8B4E578E-F370-42B4-826E-F6A93DE825FA}.Debug|Any CPU.ActiveCfg = Debug|Any CPU
		{8B4E578E-F370-42B4-826E-F6A93DE825FA}.Debug|Any CPU.Build.0 = Debug|Any CPU
		{8B4E578E-F370-42B4-826E-F6A93DE825FA}.Release|Any CPU.ActiveCfg = Release|Any CPU
		{8B4E578E-F370-42B4-826E-F6A93DE825FA}.Release|Any CPU.Build.0 = Release|Any CPU
		{3FA77F53-2948-4FC8-A449-EC7FF62A46A8}.Debug|Any CPU.ActiveCfg = Debug|Any CPU
		{3FA77F53-2948-4FC8-A449-EC7FF62A46A8}.Debug|Any CPU.Build.0 = Debug|Any CPU
		{3FA77F53-2948-4FC8-A449-EC7FF62A46A8}.Release|Any CPU.ActiveCfg = Release|Any CPU
		{3FA77F53-2948-4FC8-A449-EC7FF62A46A8}.Release|Any CPU.Build.0 = Release|Any CPU
		{81B7CE4E-B68F-48A3-B078-81226724D4E8}.Debug|Any CPU.ActiveCfg = Debug|Any CPU
		{81B7CE4E-B68F-48A3-B078-81226724D4E8}.Debug|Any CPU.Build.0 = Debug|Any CPU
		{81B7CE4E-B68F-48A3-B078-81226724D4E8}.Release|Any CPU.ActiveCfg = Release|Any CPU
		{81B7CE4E-B68F-48A3-B078-81226724D4E8}.Release|Any CPU.Build.0 = Release|Any CPU
		{620CB30A-E39F-48D5-A7BE-693E5CB6B4DD}.Debug|Any CPU.ActiveCfg = Debug|Any CPU
		{620CB30A-E39F-48D5-A7BE-693E5CB6B4DD}.Debug|Any CPU.Build.0 = Debug|Any CPU
		{620CB30A-E39F-48D5-A7BE-693E5CB6B4DD}.Release|Any CPU.ActiveCfg = Release|Any CPU
		{620CB30A-E39F-48D5-A7BE-693E5CB6B4DD}.Release|Any CPU.Build.0 = Release|Any CPU
	EndGlobalSection
	GlobalSection(SolutionProperties) = preSolution
		HideSolutionNode = FALSE
	EndGlobalSection
	GlobalSection(ExtensibilityGlobals) = postSolution
		SolutionGuid = {E84C6A8E-7604-4B94-BA7B-B7D8340C86E9}
	EndGlobalSection
EndGlobal
